// !$*UTF8*$!
{
	archiveVersion = 1;
	classes = {
	};
	objectVersion = 50;
	objects = {

/* Begin PBXBuildFile section */
		6151AEC4258F618D00853037 /* AppDelegate.swift in Sources */ = {isa = PBXBuildFile; fileRef = 6151AEC3258F618D00853037 /* AppDelegate.swift */; };
		6151AEC6258F618D00853037 /* SceneDelegate.swift in Sources */ = {isa = PBXBuildFile; fileRef = 6151AEC5258F618D00853037 /* SceneDelegate.swift */; };
		6151AEC8258F618D00853037 /* BaseViewController.swift in Sources */ = {isa = PBXBuildFile; fileRef = 6151AEC7258F618D00853037 /* BaseViewController.swift */; };
		6151AECB258F618D00853037 /* Main.storyboard in Resources */ = {isa = PBXBuildFile; fileRef = 6151AEC9258F618D00853037 /* Main.storyboard */; };
		6151AECD258F619100853037 /* Assets.xcassets in Resources */ = {isa = PBXBuildFile; fileRef = 6151AECC258F619100853037 /* Assets.xcassets */; };
		6151AED0258F619100853037 /* LaunchScreen.storyboard in Resources */ = {isa = PBXBuildFile; fileRef = 6151AECE258F619100853037 /* LaunchScreen.storyboard */; };
		615AF6FD258F88D6006E789C /* BaseViewControllerRefactor.swift in Sources */ = {isa = PBXBuildFile; fileRef = 615AF6FC258F88D6006E789C /* BaseViewControllerRefactor.swift */; };
/* End PBXBuildFile section */

/* Begin PBXFileReference section */
		6151AEC0258F618D00853037 /* Swift Protocols.app */ = {isa = PBXFileReference; explicitFileType = wrapper.application; includeInIndex = 0; path = "Swift Protocols.app"; sourceTree = BUILT_PRODUCTS_DIR; };
		6151AEC3258F618D00853037 /* AppDelegate.swift */ = {isa = PBXFileReference; lastKnownFileType = sourcecode.swift; path = AppDelegate.swift; sourceTree = "<group>"; };
		6151AEC5258F618D00853037 /* SceneDelegate.swift */ = {isa = PBXFileReference; lastKnownFileType = sourcecode.swift; path = SceneDelegate.swift; sourceTree = "<group>"; };
		6151AEC7258F618D00853037 /* BaseViewController.swift */ = {isa = PBXFileReference; lastKnownFileType = sourcecode.swift; path = BaseViewController.swift; sourceTree = "<group>"; };
		6151AECA258F618D00853037 /* Base */ = {isa = PBXFileReference; lastKnownFileType = file.storyboard; name = Base; path = Base.lproj/Main.storyboard; sourceTree = "<group>"; };
		6151AECC258F619100853037 /* Assets.xcassets */ = {isa = PBXFileReference; lastKnownFileType = folder.assetcatalog; path = Assets.xcassets; sourceTree = "<group>"; };
		6151AECF258F619100853037 /* Base */ = {isa = PBXFileReference; lastKnownFileType = file.storyboard; name = Base; path = Base.lproj/LaunchScreen.storyboard; sourceTree = "<group>"; };
		6151AED1258F619100853037 /* Info.plist */ = {isa = PBXFileReference; lastKnownFileType = text.plist.xml; path = Info.plist; sourceTree = "<group>"; };
		615AF6F5258F76F5006E789C /* Protocol composition.playground */ = {isa = PBXFileReference; lastKnownFileType = file.playground; path = "Protocol composition.playground"; sourceTree = "<group>"; xcLanguageSpecificationIdentifier = xcode.lang.swift; };
		615AF6F8258F7998006E789C /* Protocol extensions.playground */ = {isa = PBXFileReference; lastKnownFileType = file.playground; path = "Protocol extensions.playground"; sourceTree = "<group>"; xcLanguageSpecificationIdentifier = xcode.lang.swift; };
		615AF6F9258F7F3E006E789C /* Master Protocols.playground */ = {isa = PBXFileReference; lastKnownFileType = file.playground; path = "Master Protocols.playground"; sourceTree = "<group>"; xcLanguageSpecificationIdentifier = xcode.lang.swift; };
		615AF6FA258F822A006E789C /*  Protocol Inheritance.playground */ = {isa = PBXFileReference; lastKnownFileType = file.playground; path = " Protocol Inheritance.playground"; sourceTree = "<group>"; xcLanguageSpecificationIdentifier = xcode.lang.swift; };
		615AF6FC258F88D6006E789C /* BaseViewControllerRefactor.swift */ = {isa = PBXFileReference; lastKnownFileType = sourcecode.swift; path = BaseViewControllerRefactor.swift; sourceTree = "<group>"; };
		615AF6FF258F9979006E789C /* protocolCompositonForDI.playground */ = {isa = PBXFileReference; lastKnownFileType = file.playground; path = protocolCompositonForDI.playground; sourceTree = "<group>"; xcLanguageSpecificationIdentifier = xcode.lang.swift; };
		615AF700258F9D6E006E789C /* DI with Protocols1.playground */ = {isa = PBXFileReference; lastKnownFileType = file.playground; path = "DI with Protocols1.playground"; sourceTree = "<group>"; xcLanguageSpecificationIdentifier = xcode.lang.swift; };
		615AF701258FA87D006E789C /* DI with Protocols2.playground */ = {isa = PBXFileReference; lastKnownFileType = file.playground; path = "DI with Protocols2.playground"; sourceTree = "<group>"; xcLanguageSpecificationIdentifier = xcode.lang.swift; };
		615AF702258FAA24006E789C /* DI with Protocols3.playground */ = {isa = PBXFileReference; lastKnownFileType = file.playground; path = "DI with Protocols3.playground"; sourceTree = "<group>"; xcLanguageSpecificationIdentifier = xcode.lang.swift; };
/* End PBXFileReference section */

/* Begin PBXFrameworksBuildPhase section */
		6151AEBD258F618D00853037 /* Frameworks */ = {
			isa = PBXFrameworksBuildPhase;
			buildActionMask = 2147483647;
			files = (
			);
			runOnlyForDeploymentPostprocessing = 0;
		};
/* End PBXFrameworksBuildPhase section */

/* Begin PBXGroup section */
		6151AEB7258F618D00853037 = {
			isa = PBXGroup;
			children = (
				6151AEC7258F618D00853037 /* BaseViewController.swift */,
				615AF6FC258F88D6006E789C /* BaseViewControllerRefactor.swift */,
				6151AEC2258F618D00853037 /* Swift Protocols */,
				6151AEC1258F618D00853037 /* Products */,
			);
			sourceTree = "<group>";
		};
		6151AEC1258F618D00853037 /* Products */ = {
			isa = PBXGroup;
			children = (
				6151AEC0258F618D00853037 /* Swift Protocols.app */,
			);
			name = Products;
			sourceTree = "<group>";
		};
		6151AEC2258F618D00853037 /* Swift Protocols */ = {
			isa = PBXGroup;
			children = (
				615AF6FE258F9932006E789C /* protocol compositon for dependency injection */,
				615AF6F6258F78BF006E789C /* SwiftProtocolsTips &Tricks */,
				6151AEC3258F618D00853037 /* AppDelegate.swift */,
				6151AEC5258F618D00853037 /* SceneDelegate.swift */,
				6151AEC9258F618D00853037 /* Main.storyboard */,
				6151AECC258F619100853037 /* Assets.xcassets */,
				6151AECE258F619100853037 /* LaunchScreen.storyboard */,
				6151AED1258F619100853037 /* Info.plist */,
			);
			path = "Swift Protocols";
			sourceTree = "<group>";
		};
		615AF6F4258F76E4006E789C /* Protocol composition */ = {
			isa = PBXGroup;
			children = (
				615AF6F5258F76F5006E789C /* Protocol composition.playground */,
				615AF6F9258F7F3E006E789C /* Master Protocols.playground */,
				615AF6FA258F822A006E789C /*  Protocol Inheritance.playground */,
			);
			path = "Protocol composition";
			sourceTree = "<group>";
		};
		615AF6F6258F78BF006E789C /* SwiftProtocolsTips &Tricks */ = {
			isa = PBXGroup;
			children = (
				615AF6F7258F7988006E789C /* Protocol extensions */,
				615AF6F4258F76E4006E789C /* Protocol composition */,
			);
			path = "SwiftProtocolsTips &Tricks";
			sourceTree = "<group>";
		};
		615AF6F7258F7988006E789C /* Protocol extensions */ = {
			isa = PBXGroup;
			children = (
				615AF6F8258F7998006E789C /* Protocol extensions.playground */,
			);
			path = "Protocol extensions";
			sourceTree = "<group>";
		};
		615AF6FE258F9932006E789C /* protocol compositon for dependency injection */ = {
			isa = PBXGroup;
			children = (
				615AF6FF258F9979006E789C /* protocolCompositonForDI.playground */,
				615AF700258F9D6E006E789C /* DI with Protocols1.playground */,
				615AF701258FA87D006E789C /* DI with Protocols2.playground */,
				615AF702258FAA24006E789C /* DI with Protocols3.playground */,
			);
			path = "protocol compositon for dependency injection";
			sourceTree = "<group>";
		};
/* End PBXGroup section */

/* Begin PBXNativeTarget section */
		6151AEBF258F618D00853037 /* Swift Protocols */ = {
			isa = PBXNativeTarget;
			buildConfigurationList = 6151AED4258F619100853037 /* Build configuration list for PBXNativeTarget "Swift Protocols" */;
			buildPhases = (
				6151AEBC258F618D00853037 /* Sources */,
				6151AEBD258F618D00853037 /* Frameworks */,
				6151AEBE258F618D00853037 /* Resources */,
			);
			buildRules = (
			);
			dependencies = (
			);
			name = "Swift Protocols";
			productName = "Swift Protocols";
			productReference = 6151AEC0258F618D00853037 /* Swift Protocols.app */;
			productType = "com.apple.product-type.application";
		};
/* End PBXNativeTarget section */

/* Begin PBXProject section */
		6151AEB8258F618D00853037 /* Project object */ = {
			isa = PBXProject;
			attributes = {
				LastSwiftUpdateCheck = 1130;
				LastUpgradeCheck = 1130;
				ORGANIZATIONNAME = "mohamed  habib";
				TargetAttributes = {
					6151AEBF258F618D00853037 = {
						CreatedOnToolsVersion = 11.3.1;
					};
				};
			};
			buildConfigurationList = 6151AEBB258F618D00853037 /* Build configuration list for PBXProject "Swift Protocols" */;
			compatibilityVersion = "Xcode 9.3";
			developmentRegion = en;
			hasScannedForEncodings = 0;
			knownRegions = (
				en,
				Base,
			);
			mainGroup = 6151AEB7258F618D00853037;
			productRefGroup = 6151AEC1258F618D00853037 /* Products */;
			projectDirPath = "";
			projectRoot = "";
			targets = (
				6151AEBF258F618D00853037 /* Swift Protocols */,
			);
		};
/* End PBXProject section */

/* Begin PBXResourcesBuildPhase section */
		6151AEBE258F618D00853037 /* Resources */ = {
			isa = PBXResourcesBuildPhase;
			buildActionMask = 2147483647;
			files = (
				6151AED0258F619100853037 /* LaunchScreen.storyboard in Resources */,
				6151AECD258F619100853037 /* Assets.xcassets in Resources */,
				6151AECB258F618D00853037 /* Main.storyboard in Resources */,
			);
			runOnlyForDeploymentPostprocessing = 0;
		};
/* End PBXResourcesBuildPhase section */

/* Begin PBXSourcesBuildPhase section */
		6151AEBC258F618D00853037 /* Sources */ = {
			isa = PBXSourcesBuildPhase;
			buildActionMask = 2147483647;
			files = (
				615AF6FD258F88D6006E789C /* BaseViewControllerRefactor.swift in Sources */,
				6151AEC8258F618D00853037 /* BaseViewController.swift in Sources */,
				6151AEC4258F618D00853037 /* AppDelegate.swift in Sources */,
				6151AEC6258F618D00853037 /* SceneDelegate.swift in Sources */,
			);
			runOnlyForDeploymentPostprocessing = 0;
		};
/* End PBXSourcesBuildPhase section */

/* Begin PBXVariantGroup section */
		6151AEC9258F618D00853037 /* Main.storyboard */ = {
			isa = PBXVariantGroup;
			children = (
				6151AECA258F618D00853037 /* Base */,
			);
			name = Main.storyboard;
			sourceTree = "<group>";
		};
		6151AECE258F619100853037 /* LaunchScreen.storyboard */ = {
			isa = PBXVariantGroup;
			children = (
				6151AECF258F619100853037 /* Base */,
			);
			name = LaunchScreen.storyboard;
			sourceTree = "<group>";
		};
/* End PBXVariantGroup section */

/* Begin XCBuildConfiguration section */
		6151AED2258F619100853037 /* Debug */ = {
			isa = XCBuildConfiguration;
			buildSettings = {
				ALWAYS_SEARCH_USER_PATHS = NO;
				CLANG_ANALYZER_NONNULL = YES;
				CLANG_ANALYZER_NUMBER_OBJECT_CONVERSION = YES_AGGRESSIVE;
				CLANG_CXX_LANGUAGE_STANDARD = "gnu++14";
				CLANG_CXX_LIBRARY = "libc++";
				CLANG_ENABLE_MODULES = YES;
				CLANG_ENABLE_OBJC_ARC = YES;
				CLANG_ENABLE_OBJC_WEAK = YES;
				CLANG_WARN_BLOCK_CAPTURE_AUTORELEASING = YES;
				CLANG_WARN_BOOL_CONVERSION = YES;
				CLANG_WARN_COMMA = YES;
				CLANG_WARN_CONSTANT_CONVERSION = YES;
				CLANG_WARN_DEPRECATED_OBJC_IMPLEMENTATIONS = YES;
				CLANG_WARN_DIRECT_OBJC_ISA_USAGE = YES_ERROR;
				CLANG_WARN_DOCUMENTATION_COMMENTS = YES;
				CLANG_WARN_EMPTY_BODY = YES;
				CLANG_WARN_ENUM_CONVERSION = YES;
				CLANG_WARN_INFINITE_RECURSION = YES;
				CLANG_WARN_INT_CONVERSION = YES;
				CLANG_WARN_NON_LITERAL_NULL_CONVERSION = YES;
				CLANG_WARN_OBJC_IMPLICIT_RETAIN_SELF = YES;
				CLANG_WARN_OBJC_LITERAL_CONVERSION = YES;
				CLANG_WARN_OBJC_ROOT_CLASS = YES_ERROR;
				CLANG_WARN_RANGE_LOOP_ANALYSIS = YES;
				CLANG_WARN_STRICT_PROTOTYPES = YES;
				CLANG_WARN_SUSPICIOUS_MOVE = YES;
				CLANG_WARN_UNGUARDED_AVAILABILITY = YES_AGGRESSIVE;
				CLANG_WARN_UNREACHABLE_CODE = YES;
				CLANG_WARN__DUPLICATE_METHOD_MATCH = YES;
				COPY_PHASE_STRIP = NO;
				DEBUG_INFORMATION_FORMAT = dwarf;
				ENABLE_STRICT_OBJC_MSGSEND = YES;
				ENABLE_TESTABILITY = YES;
				GCC_C_LANGUAGE_STANDARD = gnu11;
				GCC_DYNAMIC_NO_PIC = NO;
				GCC_NO_COMMON_BLOCKS = YES;
				GCC_OPTIMIZATION_LEVEL = 0;
				GCC_PREPROCESSOR_DEFINITIONS = (
					"DEBUG=1",
					"$(inherited)",
				);
				GCC_WARN_64_TO_32_BIT_CONVERSION = YES;
				GCC_WARN_ABOUT_RETURN_TYPE = YES_ERROR;
				GCC_WARN_UNDECLARED_SELECTOR = YES;
				GCC_WARN_UNINITIALIZED_AUTOS = YES_AGGRESSIVE;
				GCC_WARN_UNUSED_FUNCTION = YES;
				GCC_WARN_UNUSED_VARIABLE = YES;
				IPHONEOS_DEPLOYMENT_TARGET = 13.2;
				MTL_ENABLE_DEBUG_INFO = INCLUDE_SOURCE;
				MTL_FAST_MATH = YES;
				ONLY_ACTIVE_ARCH = YES;
				SDKROOT = iphoneos;
				SWIFT_ACTIVE_COMPILATION_CONDITIONS = DEBUG;
				SWIFT_OPTIMIZATION_LEVEL = "-Onone";
			};
			name = Debug;
		};
		6151AED3258F619100853037 /* Release */ = {
			isa = XCBuildConfiguration;
			buildSettings = {
				ALWAYS_SEARCH_USER_PATHS = NO;
				CLANG_ANALYZER_NONNULL = YES;
				CLANG_ANALYZER_NUMBER_OBJECT_CONVERSION = YES_AGGRESSIVE;
				CLANG_CXX_LANGUAGE_STANDARD = "gnu++14";
				CLANG_CXX_LIBRARY = "libc++";
				CLANG_ENABLE_MODULES = YES;
				CLANG_ENABLE_OBJC_ARC = YES;
				CLANG_ENABLE_OBJC_WEAK = YES;
				CLANG_WARN_BLOCK_CAPTURE_AUTORELEASING = YES;
				CLANG_WARN_BOOL_CONVERSION = YES;
				CLANG_WARN_COMMA = YES;
				CLANG_WARN_CONSTANT_CONVERSION = YES;
				CLANG_WARN_DEPRECATED_OBJC_IMPLEMENTATIONS = YES;
				CLANG_WARN_DIRECT_OBJC_ISA_USAGE = YES_ERROR;
				CLANG_WARN_DOCUMENTATION_COMMENTS = YES;
				CLANG_WARN_EMPTY_BODY = YES;
				CLANG_WARN_ENUM_CONVERSION = YES;
				CLANG_WARN_INFINITE_RECURSION = YES;
				CLANG_WARN_INT_CONVERSION = YES;
				CLANG_WARN_NON_LITERAL_NULL_CONVERSION = YES;
				CLANG_WARN_OBJC_IMPLICIT_RETAIN_SELF = YES;
				CLANG_WARN_OBJC_LITERAL_CONVERSION = YES;
				CLANG_WARN_OBJC_ROOT_CLASS = YES_ERROR;
				CLANG_WARN_RANGE_LOOP_ANALYSIS = YES;
				CLANG_WARN_STRICT_PROTOTYPES = YES;
				CLANG_WARN_SUSPICIOUS_MOVE = YES;
				CLANG_WARN_UNGUARDED_AVAILABILITY = YES_AGGRESSIVE;
				CLANG_WARN_UNREACHABLE_CODE = YES;
				CLANG_WARN__DUPLICATE_METHOD_MATCH = YES;
				COPY_PHASE_STRIP = NO;
				DEBUG_INFORMATION_FORMAT = "dwarf-with-dsym";
				ENABLE_NS_ASSERTIONS = NO;
				ENABLE_STRICT_OBJC_MSGSEND = YES;
				GCC_C_LANGUAGE_STANDARD = gnu11;
				GCC_NO_COMMON_BLOCKS = YES;
				GCC_WARN_64_TO_32_BIT_CONVERSION = YES;
				GCC_WARN_ABOUT_RETURN_TYPE = YES_ERROR;
				GCC_WARN_UNDECLARED_SELECTOR = YES;
				GCC_WARN_UNINITIALIZED_AUTOS = YES_AGGRESSIVE;
				GCC_WARN_UNUSED_FUNCTION = YES;
				GCC_WARN_UNUSED_VARIABLE = YES;
				IPHONEOS_DEPLOYMENT_TARGET = 13.2;
				MTL_ENABLE_DEBUG_INFO = NO;
				MTL_FAST_MATH = YES;
				SDKROOT = iphoneos;
				SWIFT_COMPILATION_MODE = wholemodule;
				SWIFT_OPTIMIZATION_LEVEL = "-O";
				VALIDATE_PRODUCT = YES;
			};
			name = Release;
		};
		6151AED5258F619100853037 /* Debug */ = {
			isa = XCBuildConfiguration;
			buildSettings = {
				ASSETCATALOG_COMPILER_APPICON_NAME = AppIcon;
				CODE_SIGN_STYLE = Automatic;
				DEVELOPMENT_TEAM = W4M7279BBQ;
				INFOPLIST_FILE = "Swift Protocols/Info.plist";
				LD_RUNPATH_SEARCH_PATHS = (
					"$(inherited)",
					"@executable_path/Frameworks",
				);
				PRODUCT_BUNDLE_IDENTIFIER = "jaberi.Swift-Protocols";
				PRODUCT_NAME = "$(TARGET_NAME)";
				SWIFT_VERSION = 5.0;
				TARGETED_DEVICE_FAMILY = "1,2";
			};
			name = Debug;
		};
		6151AED6258F619100853037 /* Release */ = {
			isa = XCBuildConfiguration;
			buildSettings = {
				ASSETCATALOG_COMPILER_APPICON_NAME = AppIcon;
				CODE_SIGN_STYLE = Automatic;
				DEVELOPMENT_TEAM = W4M7279BBQ;
				INFOPLIST_FILE = "Swift Protocols/Info.plist";
				LD_RUNPATH_SEARCH_PATHS = (
					"$(inherited)",
					"@executable_path/Frameworks",
				);
				PRODUCT_BUNDLE_IDENTIFIER = "jaberi.Swift-Protocols";
				PRODUCT_NAME = "$(TARGET_NAME)";
				SWIFT_VERSION = 5.0;
				TARGETED_DEVICE_FAMILY = "1,2";
			};
			name = Release;
		};
/* End XCBuildConfiguration section */

/* Begin XCConfigurationList section */
		6151AEBB258F618D00853037 /* Build configuration list for PBXProject "Swift Protocols" */ = {
			isa = XCConfigurationList;
			buildConfigurations = (
				6151AED2258F619100853037 /* Debug */,
				6151AED3258F619100853037 /* Release */,
			);
			defaultConfigurationIsVisible = 0;
			defaultConfigurationName = Release;
		};
		6151AED4258F619100853037 /* Build configuration list for PBXNativeTarget "Swift Protocols" */ = {
			isa = XCConfigurationList;
			buildConfigurations = (
				6151AED5258F619100853037 /* Debug */,
				6151AED6258F619100853037 /* Release */,
			);
			defaultConfigurationIsVisible = 0;
			defaultConfigurationName = Release;
		};
/* End XCConfigurationList section */
	};
	rootObject = 6151AEB8258F618D00853037 /* Project object */;
}
